// !$*UTF8*$!
{
	archiveVersion = 1;
	classes = {
	};
	objectVersion = 46;
	objects = {

/* Begin PBXBuildFile section */
		16198EBD1CC507990078919A /* AppDelegate.swift in Sources */ = {isa = PBXBuildFile; fileRef = 16198EBC1CC507990078919A /* AppDelegate.swift */; };
		16198EBF1CC507990078919A /* ViewController.swift in Sources */ = {isa = PBXBuildFile; fileRef = 16198EBE1CC507990078919A /* ViewController.swift */; };
		16198EC21CC507990078919A /* Main.storyboard in Resources */ = {isa = PBXBuildFile; fileRef = 16198EC01CC507990078919A /* Main.storyboard */; };
		16198EC41CC507990078919A /* Assets.xcassets in Resources */ = {isa = PBXBuildFile; fileRef = 16198EC31CC507990078919A /* Assets.xcassets */; };
		16198EC71CC507990078919A /* LaunchScreen.storyboard in Resources */ = {isa = PBXBuildFile; fileRef = 16198EC51CC507990078919A /* LaunchScreen.storyboard */; };
		16198ED21CC507990078919A /* demoTests.swift in Sources */ = {isa = PBXBuildFile; fileRef = 16198ED11CC507990078919A /* demoTests.swift */; };
		16198EDD1CC507990078919A /* demoUITests.swift in Sources */ = {isa = PBXBuildFile; fileRef = 16198EDC1CC507990078919A /* demoUITests.swift */; };
		16198EEB1CC50A010078919A /* NewViewController.swift in Sources */ = {isa = PBXBuildFile; fileRef = 16198EEA1CC50A010078919A /* NewViewController.swift */; };
		169EA3AA1CE88E1B00239F15 /* Nav.storyboard in Resources */ = {isa = PBXBuildFile; fileRef = 169EA3A91CE88E1B00239F15 /* Nav.storyboard */; };
		169EA3AE1CE89BE400239F15 /* CarouselView.swift in Sources */ = {isa = PBXBuildFile; fileRef = 169EA3AD1CE89BE400239F15 /* CarouselView.swift */; };
		16AF032D1CE889CC00452DD1 /* AppDispatcher.swift in Sources */ = {isa = PBXBuildFile; fileRef = 16AF032B1CE889CC00452DD1 /* AppDispatcher.swift */; };
		16AF032E1CE889CC00452DD1 /* Dispatcher.swift in Sources */ = {isa = PBXBuildFile; fileRef = 16AF032C1CE889CC00452DD1 /* Dispatcher.swift */; };
		16AF03301CE88C3F00452DD1 /* Stores.swift in Sources */ = {isa = PBXBuildFile; fileRef = 16AF032F1CE88C3F00452DD1 /* Stores.swift */; };
		16BFD6871CD257AF00EB70F5 /* AuthorModel.swift in Sources */ = {isa = PBXBuildFile; fileRef = 16BFD6861CD257AF00EB70F5 /* AuthorModel.swift */; };
		16C503AC1CCB63C900D074ED /* StoreModel.swift in Sources */ = {isa = PBXBuildFile; fileRef = 16C503AB1CCB63C900D074ED /* StoreModel.swift */; };
		16CBE3891CC5135C00A3699F /* Pop.swift in Sources */ = {isa = PBXBuildFile; fileRef = 16CBE3881CC5135C00A3699F /* Pop.swift */; };
		16CF416E1CF0091E005E33D0 /* HomeViewController.swift in Sources */ = {isa = PBXBuildFile; fileRef = 16CF416D1CF0091E005E33D0 /* HomeViewController.swift */; };
		18092AD41CC625EC00E74EBD /* SpringViewController.swift in Sources */ = {isa = PBXBuildFile; fileRef = 18092AD31CC625EC00E74EBD /* SpringViewController.swift */; };
		18092AD61CC757CD00E74EBD /* NavigatorHiddenTableViewController.swift in Sources */ = {isa = PBXBuildFile; fileRef = 18092AD51CC757CD00E74EBD /* NavigatorHiddenTableViewController.swift */; };
		181477A91CCDBFDA00481D54 /* TopicsModel.swift in Sources */ = {isa = PBXBuildFile; fileRef = 181477A81CCDBFDA00481D54 /* TopicsModel.swift */; };
		1822021F1CDC9E7F000EB50B /* MLImageCache.swift in Sources */ = {isa = PBXBuildFile; fileRef = 1822021E1CDC9E7F000EB50B /* MLImageCache.swift */; };
		182A0ADE1CC9F35700A49759 /* NetWork.swift in Sources */ = {isa = PBXBuildFile; fileRef = 182A0ADD1CC9F35700A49759 /* NetWork.swift */; };
		184008E01D3612DF00272DB1 /* DataConversion.swift in Sources */ = {isa = PBXBuildFile; fileRef = 184008DF1D3612DF00272DB1 /* DataConversion.swift */; };
		1841E6FF1D2F82F500552CD4 /* InfiniteScrollView.swift in Sources */ = {isa = PBXBuildFile; fileRef = 1841E6FE1D2F82F500552CD4 /* InfiniteScrollView.swift */; };
		184428EA1CD1A13A005F6DE1 /* Image.swift in Sources */ = {isa = PBXBuildFile; fileRef = 184428E91CD1A13A005F6DE1 /* Image.swift */; };
		187468821D36376000BB22AB /* DataMap.swift in Sources */ = {isa = PBXBuildFile; fileRef = 187468811D36376000BB22AB /* DataMap.swift */; };
		18DC9A031CCF4E6B000D4C6B /* NavigatorHiddenTableViewCell.swift in Sources */ = {isa = PBXBuildFile; fileRef = 18DC9A021CCF4E6B000D4C6B /* NavigatorHiddenTableViewCell.swift */; };
		18DC9A061CD0685D000D4C6B /* ImageView+MLImageDowload.swift in Sources */ = {isa = PBXBuildFile; fileRef = 18DC9A051CD0685D000D4C6B /* ImageView+MLImageDowload.swift */; };
		18DC9A081CD068FC000D4C6B /* MLImageDowloadManager.swift in Sources */ = {isa = PBXBuildFile; fileRef = 18DC9A071CD068FC000D4C6B /* MLImageDowloadManager.swift */; };
		18DC9A0A1CD0917E000D4C6B /* MLImageDowloader.swift in Sources */ = {isa = PBXBuildFile; fileRef = 18DC9A091CD0917E000D4C6B /* MLImageDowloader.swift */; };
		18E9125D1CE5C7DC00360D54 /* CounterViewController.swift in Sources */ = {isa = PBXBuildFile; fileRef = 18E9125C1CE5C7DC00360D54 /* CounterViewController.swift */; };
		18E9125F1CE5CA1400360D54 /* Actions.swift in Sources */ = {isa = PBXBuildFile; fileRef = 18E9125E1CE5CA1400360D54 /* Actions.swift */; };
		18F474E41D2FA0BA00D994B4 /* ViewTapBlockProtocol.swift in Sources */ = {isa = PBXBuildFile; fileRef = 18F474E31D2FA0BA00D994B4 /* ViewTapBlockProtocol.swift */; };
		18F474E61D2FB2C600D994B4 /* File.swift in Sources */ = {isa = PBXBuildFile; fileRef = 18F474E51D2FB2C600D994B4 /* File.swift */; };
		18FC68A21CCA2619005C512D /* JsonModel.swift in Sources */ = {isa = PBXBuildFile; fileRef = 18FC68A11CCA2619005C512D /* JsonModel.swift */; };
		18FC68A41CCA2AEB005C512D /* UserModel.swift in Sources */ = {isa = PBXBuildFile; fileRef = 18FC68A31CCA2AEB005C512D /* UserModel.swift */; };
		18FD05A71CE1B5AB0041837E /* SecondViewController.swift in Sources */ = {isa = PBXBuildFile; fileRef = 18FD05A61CE1B5AB0041837E /* SecondViewController.swift */; };
		18FD05A91CE1D9920041837E /* String+MD5.swift in Sources */ = {isa = PBXBuildFile; fileRef = 18FD05A81CE1D9920041837E /* String+MD5.swift */; };
		8AFEB66F4B73E747DF9C9D4B /* Pods_demo.framework in Frameworks */ = {isa = PBXBuildFile; fileRef = 7D47959301BF4908785547A2 /* Pods_demo.framework */; };
/* End PBXBuildFile section */

/* Begin PBXContainerItemProxy section */
		16198ECE1CC507990078919A /* PBXContainerItemProxy */ = {
			isa = PBXContainerItemProxy;
			containerPortal = 16198EB11CC507990078919A /* Project object */;
			proxyType = 1;
			remoteGlobalIDString = 16198EB81CC507990078919A;
			remoteInfo = demo;
		};
		16198ED91CC507990078919A /* PBXContainerItemProxy */ = {
			isa = PBXContainerItemProxy;
			containerPortal = 16198EB11CC507990078919A /* Project object */;
			proxyType = 1;
			remoteGlobalIDString = 16198EB81CC507990078919A;
			remoteInfo = demo;
		};
/* End PBXContainerItemProxy section */

/* Begin PBXFileReference section */
		1489CFE5737C62C5AB7924B6 /* Pods-demo.release.xcconfig */ = {isa = PBXFileReference; includeInIndex = 1; lastKnownFileType = text.xcconfig; name = "Pods-demo.release.xcconfig"; path = "Pods/Target Support Files/Pods-demo/Pods-demo.release.xcconfig"; sourceTree = "<group>"; };
		16198EB91CC507990078919A /* demo.app */ = {isa = PBXFileReference; explicitFileType = wrapper.application; includeInIndex = 0; path = demo.app; sourceTree = BUILT_PRODUCTS_DIR; };
		16198EBC1CC507990078919A /* AppDelegate.swift */ = {isa = PBXFileReference; lastKnownFileType = sourcecode.swift; path = AppDelegate.swift; sourceTree = "<group>"; };
		16198EBE1CC507990078919A /* ViewController.swift */ = {isa = PBXFileReference; lastKnownFileType = sourcecode.swift; path = ViewController.swift; sourceTree = "<group>"; };
		16198EC11CC507990078919A /* Base */ = {isa = PBXFileReference; lastKnownFileType = file.storyboard; name = Base; path = Base.lproj/Main.storyboard; sourceTree = "<group>"; };
		16198EC31CC507990078919A /* Assets.xcassets */ = {isa = PBXFileReference; lastKnownFileType = folder.assetcatalog; path = Assets.xcassets; sourceTree = "<group>"; };
		16198EC61CC507990078919A /* Base */ = {isa = PBXFileReference; lastKnownFileType = file.storyboard; name = Base; path = Base.lproj/LaunchScreen.storyboard; sourceTree = "<group>"; };
		16198EC81CC507990078919A /* Info.plist */ = {isa = PBXFileReference; lastKnownFileType = text.plist.xml; path = Info.plist; sourceTree = "<group>"; };
		16198ECD1CC507990078919A /* demoTests.xctest */ = {isa = PBXFileReference; explicitFileType = wrapper.cfbundle; includeInIndex = 0; path = demoTests.xctest; sourceTree = BUILT_PRODUCTS_DIR; };
		16198ED11CC507990078919A /* demoTests.swift */ = {isa = PBXFileReference; lastKnownFileType = sourcecode.swift; path = demoTests.swift; sourceTree = "<group>"; };
		16198ED31CC507990078919A /* Info.plist */ = {isa = PBXFileReference; lastKnownFileType = text.plist.xml; path = Info.plist; sourceTree = "<group>"; };
		16198ED81CC507990078919A /* demoUITests.xctest */ = {isa = PBXFileReference; explicitFileType = wrapper.cfbundle; includeInIndex = 0; path = demoUITests.xctest; sourceTree = BUILT_PRODUCTS_DIR; };
		16198EDC1CC507990078919A /* demoUITests.swift */ = {isa = PBXFileReference; lastKnownFileType = sourcecode.swift; path = demoUITests.swift; sourceTree = "<group>"; };
		16198EDE1CC507990078919A /* Info.plist */ = {isa = PBXFileReference; lastKnownFileType = text.plist.xml; path = Info.plist; sourceTree = "<group>"; };
		16198EEA1CC50A010078919A /* NewViewController.swift */ = {isa = PBXFileReference; fileEncoding = 4; lastKnownFileType = sourcecode.swift; path = NewViewController.swift; sourceTree = "<group>"; };
		169EA3A91CE88E1B00239F15 /* Nav.storyboard */ = {isa = PBXFileReference; fileEncoding = 4; lastKnownFileType = file.storyboard; path = Nav.storyboard; sourceTree = "<group>"; };
		169EA3AD1CE89BE400239F15 /* CarouselView.swift */ = {isa = PBXFileReference; fileEncoding = 4; lastKnownFileType = sourcecode.swift; path = CarouselView.swift; sourceTree = "<group>"; };
		16AF032B1CE889CC00452DD1 /* AppDispatcher.swift */ = {isa = PBXFileReference; fileEncoding = 4; lastKnownFileType = sourcecode.swift; path = AppDispatcher.swift; sourceTree = "<group>"; };
		16AF032C1CE889CC00452DD1 /* Dispatcher.swift */ = {isa = PBXFileReference; fileEncoding = 4; lastKnownFileType = sourcecode.swift; path = Dispatcher.swift; sourceTree = "<group>"; };
		16AF032F1CE88C3F00452DD1 /* Stores.swift */ = {isa = PBXFileReference; fileEncoding = 4; lastKnownFileType = sourcecode.swift; path = Stores.swift; sourceTree = "<group>"; };
		16BFD6861CD257AF00EB70F5 /* AuthorModel.swift */ = {isa = PBXFileReference; fileEncoding = 4; lastKnownFileType = sourcecode.swift; path = AuthorModel.swift; sourceTree = "<group>"; };
		16C503AB1CCB63C900D074ED /* StoreModel.swift */ = {isa = PBXFileReference; fileEncoding = 4; lastKnownFileType = sourcecode.swift; path = StoreModel.swift; sourceTree = "<group>"; };
		16CBE3881CC5135C00A3699F /* Pop.swift */ = {isa = PBXFileReference; fileEncoding = 4; lastKnownFileType = sourcecode.swift; path = Pop.swift; sourceTree = "<group>"; };
		16CF416D1CF0091E005E33D0 /* HomeViewController.swift */ = {isa = PBXFileReference; fileEncoding = 4; lastKnownFileType = sourcecode.swift; path = HomeViewController.swift; sourceTree = "<group>"; };
		18092AD31CC625EC00E74EBD /* SpringViewController.swift */ = {isa = PBXFileReference; fileEncoding = 4; lastKnownFileType = sourcecode.swift; path = SpringViewController.swift; sourceTree = "<group>"; };
		18092AD51CC757CD00E74EBD /* NavigatorHiddenTableViewController.swift */ = {isa = PBXFileReference; fileEncoding = 4; lastKnownFileType = sourcecode.swift; path = NavigatorHiddenTableViewController.swift; sourceTree = "<group>"; };
		181477A81CCDBFDA00481D54 /* TopicsModel.swift */ = {isa = PBXFileReference; fileEncoding = 4; lastKnownFileType = sourcecode.swift; path = TopicsModel.swift; sourceTree = "<group>"; };
		1822021E1CDC9E7F000EB50B /* MLImageCache.swift */ = {isa = PBXFileReference; fileEncoding = 4; lastKnownFileType = sourcecode.swift; path = MLImageCache.swift; sourceTree = "<group>"; };
		182A0ADD1CC9F35700A49759 /* NetWork.swift */ = {isa = PBXFileReference; fileEncoding = 4; lastKnownFileType = sourcecode.swift; path = NetWork.swift; sourceTree = "<group>"; };
		184008DF1D3612DF00272DB1 /* DataConversion.swift */ = {isa = PBXFileReference; fileEncoding = 4; lastKnownFileType = sourcecode.swift; path = DataConversion.swift; sourceTree = "<group>"; };
		1841E6FE1D2F82F500552CD4 /* InfiniteScrollView.swift */ = {isa = PBXFileReference; fileEncoding = 4; lastKnownFileType = sourcecode.swift; path = InfiniteScrollView.swift; sourceTree = "<group>"; };
		184428E91CD1A13A005F6DE1 /* Image.swift */ = {isa = PBXFileReference; fileEncoding = 4; lastKnownFileType = sourcecode.swift; path = Image.swift; sourceTree = "<group>"; };
		187468811D36376000BB22AB /* DataMap.swift */ = {isa = PBXFileReference; fileEncoding = 4; lastKnownFileType = sourcecode.swift; path = DataMap.swift; sourceTree = "<group>"; };
		18B0383C1CD2FD910097178D /* MyPlayground.playground */ = {isa = PBXFileReference; lastKnownFileType = file.playground; path = MyPlayground.playground; sourceTree = "<group>"; };
		18DC9A021CCF4E6B000D4C6B /* NavigatorHiddenTableViewCell.swift */ = {isa = PBXFileReference; fileEncoding = 4; lastKnownFileType = sourcecode.swift; path = NavigatorHiddenTableViewCell.swift; sourceTree = "<group>"; };
		18DC9A051CD0685D000D4C6B /* ImageView+MLImageDowload.swift */ = {isa = PBXFileReference; fileEncoding = 4; lastKnownFileType = sourcecode.swift; path = "ImageView+MLImageDowload.swift"; sourceTree = "<group>"; };
		18DC9A071CD068FC000D4C6B /* MLImageDowloadManager.swift */ = {isa = PBXFileReference; fileEncoding = 4; lastKnownFileType = sourcecode.swift; path = MLImageDowloadManager.swift; sourceTree = "<group>"; };
		18DC9A091CD0917E000D4C6B /* MLImageDowloader.swift */ = {isa = PBXFileReference; fileEncoding = 4; lastKnownFileType = sourcecode.swift; path = MLImageDowloader.swift; sourceTree = "<group>"; };
		18E9125C1CE5C7DC00360D54 /* CounterViewController.swift */ = {isa = PBXFileReference; fileEncoding = 4; lastKnownFileType = sourcecode.swift; path = CounterViewController.swift; sourceTree = "<group>"; };
		18E9125E1CE5CA1400360D54 /* Actions.swift */ = {isa = PBXFileReference; fileEncoding = 4; lastKnownFileType = sourcecode.swift; path = Actions.swift; sourceTree = "<group>"; };
		18F474E31D2FA0BA00D994B4 /* ViewTapBlockProtocol.swift */ = {isa = PBXFileReference; fileEncoding = 4; lastKnownFileType = sourcecode.swift; path = ViewTapBlockProtocol.swift; sourceTree = "<group>"; };
		18F474E51D2FB2C600D994B4 /* File.swift */ = {isa = PBXFileReference; fileEncoding = 4; lastKnownFileType = sourcecode.swift; path = File.swift; sourceTree = "<group>"; };
		18FC68A11CCA2619005C512D /* JsonModel.swift */ = {isa = PBXFileReference; fileEncoding = 4; lastKnownFileType = sourcecode.swift; path = JsonModel.swift; sourceTree = "<group>"; };
		18FC68A31CCA2AEB005C512D /* UserModel.swift */ = {isa = PBXFileReference; fileEncoding = 4; lastKnownFileType = sourcecode.swift; path = UserModel.swift; sourceTree = "<group>"; };
		18FD05A61CE1B5AB0041837E /* SecondViewController.swift */ = {isa = PBXFileReference; fileEncoding = 4; lastKnownFileType = sourcecode.swift; path = SecondViewController.swift; sourceTree = "<group>"; };
		18FD05A81CE1D9920041837E /* String+MD5.swift */ = {isa = PBXFileReference; fileEncoding = 4; lastKnownFileType = sourcecode.swift; path = "String+MD5.swift"; sourceTree = "<group>"; };
		1D8C722158FAC5DF685B2235 /* Pods.framework */ = {isa = PBXFileReference; explicitFileType = wrapper.framework; includeInIndex = 0; path = Pods.framework; sourceTree = BUILT_PRODUCTS_DIR; };
		35E00ABFC908108D0E42B158 /* Pods-demo.debug.xcconfig */ = {isa = PBXFileReference; includeInIndex = 1; lastKnownFileType = text.xcconfig; name = "Pods-demo.debug.xcconfig"; path = "Pods/Target Support Files/Pods-demo/Pods-demo.debug.xcconfig"; sourceTree = "<group>"; };
		7D47959301BF4908785547A2 /* Pods_demo.framework */ = {isa = PBXFileReference; explicitFileType = wrapper.framework; includeInIndex = 0; path = Pods_demo.framework; sourceTree = BUILT_PRODUCTS_DIR; };
/* End PBXFileReference section */

/* Begin PBXFrameworksBuildPhase section */
		16198EB61CC507990078919A /* Frameworks */ = {
			isa = PBXFrameworksBuildPhase;
			buildActionMask = 2147483647;
			files = (
				8AFEB66F4B73E747DF9C9D4B /* Pods_demo.framework in Frameworks */,
			);
			runOnlyForDeploymentPostprocessing = 0;
		};
		16198ECA1CC507990078919A /* Frameworks */ = {
			isa = PBXFrameworksBuildPhase;
			buildActionMask = 2147483647;
			files = (
			);
			runOnlyForDeploymentPostprocessing = 0;
		};
		16198ED51CC507990078919A /* Frameworks */ = {
			isa = PBXFrameworksBuildPhase;
			buildActionMask = 2147483647;
			files = (
			);
			runOnlyForDeploymentPostprocessing = 0;
		};
/* End PBXFrameworksBuildPhase section */

/* Begin PBXGroup section */
		16198EB01CC507990078919A = {
			isa = PBXGroup;
			children = (
				16198EBB1CC507990078919A /* demo */,
				169EA3AB1CE8977100239F15 /* Component */,
				16198ED01CC507990078919A /* demoTests */,
				16198EDB1CC507990078919A /* demoUITests */,
				16198EBA1CC507990078919A /* Products */,
				B8E28A97BD75BAE1777182C4 /* Frameworks */,
				18B08FF09900760B4B7DEA7F /* Pods */,
			);
			sourceTree = "<group>";
		};
		16198EBA1CC507990078919A /* Products */ = {
			isa = PBXGroup;
			children = (
				16198EB91CC507990078919A /* demo.app */,
				16198ECD1CC507990078919A /* demoTests.xctest */,
				16198ED81CC507990078919A /* demoUITests.xctest */,
			);
			name = Products;
			sourceTree = "<group>";
		};
		16198EBB1CC507990078919A /* demo */ = {
			isa = PBXGroup;
			children = (
				18E912551CE5C1A100360D54 /* Actions */,
				16AF032A1CE86B2500452DD1 /* Dispatch */,
				18E912521CE5C0D500360D54 /* Model */,
				18E912561CE5C1BF00360D54 /* Stores */,
				18E912541CE5C17C00360D54 /* ViewControllers */,
				16AF03311CE88D2C00452DD1 /* ViewModels */,
				18E912511CE5C0C000360D54 /* Files */,
				18E912501CE5C0A600360D54 /* My */,
				18E9124F1CE5C08700360D54 /* StroryBoard */,
			);
			path = demo;
			sourceTree = "<group>";
		};
		16198ED01CC507990078919A /* demoTests */ = {
			isa = PBXGroup;
			children = (
				16198ED11CC507990078919A /* demoTests.swift */,
				16198ED31CC507990078919A /* Info.plist */,
			);
			path = demoTests;
			sourceTree = "<group>";
		};
		16198EDB1CC507990078919A /* demoUITests */ = {
			isa = PBXGroup;
			children = (
				16198EDC1CC507990078919A /* demoUITests.swift */,
				16198EDE1CC507990078919A /* Info.plist */,
			);
			path = demoUITests;
			sourceTree = "<group>";
		};
		169EA3AB1CE8977100239F15 /* Component */ = {
			isa = PBXGroup;
			children = (
				18F474E01D2FA03400D994B4 /* Protocol */,
				18F474DB1D2F9BB700D994B4 /* Extension */,
				169EA3AC1CE8982600239F15 /* Carousel */,
			);
			name = Component;
			path = demo;
			sourceTree = "<group>";
		};
		169EA3AC1CE8982600239F15 /* Carousel */ = {
			isa = PBXGroup;
			children = (
				169EA3AD1CE89BE400239F15 /* CarouselView.swift */,
				1841E6FE1D2F82F500552CD4 /* InfiniteScrollView.swift */,
				18F474E51D2FB2C600D994B4 /* File.swift */,
			);
			name = Carousel;
			sourceTree = "<group>";
		};
		16AF032A1CE86B2500452DD1 /* Dispatch */ = {
			isa = PBXGroup;
			children = (
				16AF032B1CE889CC00452DD1 /* AppDispatcher.swift */,
				16AF032C1CE889CC00452DD1 /* Dispatcher.swift */,
			);
			name = Dispatch;
			sourceTree = "<group>";
		};
		16AF03311CE88D2C00452DD1 /* ViewModels */ = {
			isa = PBXGroup;
			children = (
			);
			name = ViewModels;
			sourceTree = "<group>";
		};
		184008DE1D3612AA00272DB1 /* DataConversion */ = {
			isa = PBXGroup;
			children = (
				184008DF1D3612DF00272DB1 /* DataConversion.swift */,
				187468811D36376000BB22AB /* DataMap.swift */,
			);
			name = DataConversion;
			sourceTree = "<group>";
		};
		18B08FF09900760B4B7DEA7F /* Pods */ = {
			isa = PBXGroup;
			children = (
				35E00ABFC908108D0E42B158 /* Pods-demo.debug.xcconfig */,
				1489CFE5737C62C5AB7924B6 /* Pods-demo.release.xcconfig */,
			);
			name = Pods;
			sourceTree = "<group>";
		};
		18DC9A041CD06194000D4C6B /* MLImageDowload */ = {
			isa = PBXGroup;
			children = (
				18DC9A051CD0685D000D4C6B /* ImageView+MLImageDowload.swift */,
				18DC9A071CD068FC000D4C6B /* MLImageDowloadManager.swift */,
				18DC9A091CD0917E000D4C6B /* MLImageDowloader.swift */,
				1822021E1CDC9E7F000EB50B /* MLImageCache.swift */,
				184428E91CD1A13A005F6DE1 /* Image.swift */,
				18FD05A81CE1D9920041837E /* String+MD5.swift */,
			);
			name = MLImageDowload;
			sourceTree = "<group>";
		};
		18E9124D1CE5C05700360D54 /* NetWork */ = {
			isa = PBXGroup;
			children = (
				182A0ADD1CC9F35700A49759 /* NetWork.swift */,
			);
			name = NetWork;
			sourceTree = "<group>";
		};
		18E9124F1CE5C08700360D54 /* StroryBoard */ = {
			isa = PBXGroup;
			children = (
				16198EC01CC507990078919A /* Main.storyboard */,
				169EA3A91CE88E1B00239F15 /* Nav.storyboard */,
				16198EC51CC507990078919A /* LaunchScreen.storyboard */,
			);
			name = StroryBoard;
			sourceTree = "<group>";
		};
		18E912501CE5C0A600360D54 /* My */ = {
			isa = PBXGroup;
			children = (
				184008DE1D3612AA00272DB1 /* DataConversion */,
				18E912531CE5C11400360D54 /* MLAnimate */,
				18DC9A041CD06194000D4C6B /* MLImageDowload */,
				18E9124D1CE5C05700360D54 /* NetWork */,
			);
			name = My;
			sourceTree = "<group>";
		};
		18E912511CE5C0C000360D54 /* Files */ = {
			isa = PBXGroup;
			children = (
				16198EBC1CC507990078919A /* AppDelegate.swift */,
				18B0383C1CD2FD910097178D /* MyPlayground.playground */,
				16198EC31CC507990078919A /* Assets.xcassets */,
				16198EC81CC507990078919A /* Info.plist */,
			);
			name = Files;
			sourceTree = "<group>";
		};
		18E912521CE5C0D500360D54 /* Model */ = {
			isa = PBXGroup;
			children = (
				18FC68A31CCA2AEB005C512D /* UserModel.swift */,
				16C503AB1CCB63C900D074ED /* StoreModel.swift */,
				181477A81CCDBFDA00481D54 /* TopicsModel.swift */,
				18FC68A11CCA2619005C512D /* JsonModel.swift */,
				16BFD6861CD257AF00EB70F5 /* AuthorModel.swift */,
			);
			name = Model;
			sourceTree = "<group>";
		};
		18E912531CE5C11400360D54 /* MLAnimate */ = {
			isa = PBXGroup;
			children = (
				16CBE3881CC5135C00A3699F /* Pop.swift */,
			);
			name = MLAnimate;
			sourceTree = "<group>";
		};
		18E912541CE5C17C00360D54 /* ViewControllers */ = {
			isa = PBXGroup;
			children = (
				16198EBE1CC507990078919A /* ViewController.swift */,
				16198EEA1CC50A010078919A /* NewViewController.swift */,
				18092AD31CC625EC00E74EBD /* SpringViewController.swift */,
				18092AD51CC757CD00E74EBD /* NavigatorHiddenTableViewController.swift */,
				18FD05A61CE1B5AB0041837E /* SecondViewController.swift */,
				18DC9A021CCF4E6B000D4C6B /* NavigatorHiddenTableViewCell.swift */,
				18E9125C1CE5C7DC00360D54 /* CounterViewController.swift */,
				16CF416D1CF0091E005E33D0 /* HomeViewController.swift */,
			);
			name = ViewControllers;
			sourceTree = "<group>";
		};
		18E912551CE5C1A100360D54 /* Actions */ = {
			isa = PBXGroup;
			children = (
				18E9125E1CE5CA1400360D54 /* Actions.swift */,
			);
			name = Actions;
			sourceTree = "<group>";
		};
		18E912561CE5C1BF00360D54 /* Stores */ = {
			isa = PBXGroup;
			children = (
				16AF032F1CE88C3F00452DD1 /* Stores.swift */,
			);
			name = Stores;
			sourceTree = "<group>";
		};
		18F474DB1D2F9BB700D994B4 /* Extension */ = {
			isa = PBXGroup;
			children = (
			);
			name = Extension;
			sourceTree = "<group>";
		};
		18F474E01D2FA03400D994B4 /* Protocol */ = {
			isa = PBXGroup;
			children = (
				18F474E31D2FA0BA00D994B4 /* ViewTapBlockProtocol.swift */,
			);
			name = Protocol;
			sourceTree = "<group>";
		};
		B8E28A97BD75BAE1777182C4 /* Frameworks */ = {
			isa = PBXGroup;
			children = (
				1D8C722158FAC5DF685B2235 /* Pods.framework */,
				7D47959301BF4908785547A2 /* Pods_demo.framework */,
			);
			name = Frameworks;
			sourceTree = "<group>";
		};
/* End PBXGroup section */

/* Begin PBXNativeTarget section */
		16198EB81CC507990078919A /* demo */ = {
			isa = PBXNativeTarget;
			buildConfigurationList = 16198EE11CC507990078919A /* Build configuration list for PBXNativeTarget "demo" */;
			buildPhases = (
				F10F41EC5DAF948D9F90B638 /* [CP] Check Pods Manifest.lock */,
				16198EB51CC507990078919A /* Sources */,
				16198EB61CC507990078919A /* Frameworks */,
				16198EB71CC507990078919A /* Resources */,
				B4649C93D503514A4509D5A2 /* [CP] Embed Pods Frameworks */,
				4D113E2A9C606B17F90C2D86 /* [CP] Copy Pods Resources */,
			);
			buildRules = (
			);
			dependencies = (
			);
			name = demo;
			productName = demo;
			productReference = 16198EB91CC507990078919A /* demo.app */;
			productType = "com.apple.product-type.application";
		};
		16198ECC1CC507990078919A /* demoTests */ = {
			isa = PBXNativeTarget;
			buildConfigurationList = 16198EE41CC507990078919A /* Build configuration list for PBXNativeTarget "demoTests" */;
			buildPhases = (
				16198EC91CC507990078919A /* Sources */,
				16198ECA1CC507990078919A /* Frameworks */,
				16198ECB1CC507990078919A /* Resources */,
			);
			buildRules = (
			);
			dependencies = (
				16198ECF1CC507990078919A /* PBXTargetDependency */,
			);
			name = demoTests;
			productName = demoTests;
			productReference = 16198ECD1CC507990078919A /* demoTests.xctest */;
			productType = "com.apple.product-type.bundle.unit-test";
		};
		16198ED71CC507990078919A /* demoUITests */ = {
			isa = PBXNativeTarget;
			buildConfigurationList = 16198EE71CC507990078919A /* Build configuration list for PBXNativeTarget "demoUITests" */;
			buildPhases = (
				16198ED41CC507990078919A /* Sources */,
				16198ED51CC507990078919A /* Frameworks */,
				16198ED61CC507990078919A /* Resources */,
			);
			buildRules = (
			);
			dependencies = (
				16198EDA1CC507990078919A /* PBXTargetDependency */,
			);
			name = demoUITests;
			productName = demoUITests;
			productReference = 16198ED81CC507990078919A /* demoUITests.xctest */;
			productType = "com.apple.product-type.bundle.ui-testing";
		};
/* End PBXNativeTarget section */

/* Begin PBXProject section */
		16198EB11CC507990078919A /* Project object */ = {
			isa = PBXProject;
			attributes = {
				LastSwiftUpdateCheck = 0730;
				LastUpgradeCheck = 0730;
				ORGANIZATIONNAME = jackWang;
				TargetAttributes = {
					16198EB81CC507990078919A = {
						CreatedOnToolsVersion = 7.3;
						DevelopmentTeam = TKPTNL5H7G;
					};
					16198ECC1CC507990078919A = {
						CreatedOnToolsVersion = 7.3;
						TestTargetID = 16198EB81CC507990078919A;
					};
					16198ED71CC507990078919A = {
						CreatedOnToolsVersion = 7.3;
						TestTargetID = 16198EB81CC507990078919A;
					};
				};
			};
			buildConfigurationList = 16198EB41CC507990078919A /* Build configuration list for PBXProject "demo" */;
			compatibilityVersion = "Xcode 3.2";
			developmentRegion = English;
			hasScannedForEncodings = 0;
			knownRegions = (
				en,
				Base,
			);
			mainGroup = 16198EB01CC507990078919A;
			productRefGroup = 16198EBA1CC507990078919A /* Products */;
			projectDirPath = "";
			projectRoot = "";
			targets = (
				16198EB81CC507990078919A /* demo */,
				16198ECC1CC507990078919A /* demoTests */,
				16198ED71CC507990078919A /* demoUITests */,
			);
		};
/* End PBXProject section */

/* Begin PBXResourcesBuildPhase section */
		16198EB71CC507990078919A /* Resources */ = {
			isa = PBXResourcesBuildPhase;
			buildActionMask = 2147483647;
			files = (
				16198EC71CC507990078919A /* LaunchScreen.storyboard in Resources */,
				16198EC41CC507990078919A /* Assets.xcassets in Resources */,
				169EA3AA1CE88E1B00239F15 /* Nav.storyboard in Resources */,
				16198EC21CC507990078919A /* Main.storyboard in Resources */,
			);
			runOnlyForDeploymentPostprocessing = 0;
		};
		16198ECB1CC507990078919A /* Resources */ = {
			isa = PBXResourcesBuildPhase;
			buildActionMask = 2147483647;
			files = (
			);
			runOnlyForDeploymentPostprocessing = 0;
		};
		16198ED61CC507990078919A /* Resources */ = {
			isa = PBXResourcesBuildPhase;
			buildActionMask = 2147483647;
			files = (
			);
			runOnlyForDeploymentPostprocessing = 0;
		};
/* End PBXResourcesBuildPhase section */

/* Begin PBXShellScriptBuildPhase section */
		4D113E2A9C606B17F90C2D86 /* [CP] Copy Pods Resources */ = {
			isa = PBXShellScriptBuildPhase;
			buildActionMask = 2147483647;
			files = (
			);
			inputPaths = (
			);
			name = "[CP] Copy Pods Resources";
			outputPaths = (
			);
			runOnlyForDeploymentPostprocessing = 0;
			shellPath = /bin/sh;
			shellScript = "\"${SRCROOT}/Pods/Target Support Files/Pods-demo/Pods-demo-resources.sh\"\n";
			showEnvVarsInLog = 0;
		};
		B4649C93D503514A4509D5A2 /* [CP] Embed Pods Frameworks */ = {
			isa = PBXShellScriptBuildPhase;
			buildActionMask = 2147483647;
			files = (
			);
			inputPaths = (
			);
			name = "[CP] Embed Pods Frameworks";
			outputPaths = (
			);
			runOnlyForDeploymentPostprocessing = 0;
			shellPath = /bin/sh;
			shellScript = "\"${SRCROOT}/Pods/Target Support Files/Pods-demo/Pods-demo-frameworks.sh\"\n";
			showEnvVarsInLog = 0;
		};
		F10F41EC5DAF948D9F90B638 /* [CP] Check Pods Manifest.lock */ = {
			isa = PBXShellScriptBuildPhase;
			buildActionMask = 2147483647;
			files = (
			);
			inputPaths = (
			);
			name = "[CP] Check Pods Manifest.lock";
			outputPaths = (
			);
			runOnlyForDeploymentPostprocessing = 0;
			shellPath = /bin/sh;
			shellScript = "diff \"${PODS_ROOT}/../Podfile.lock\" \"${PODS_ROOT}/Manifest.lock\" > /dev/null\nif [[ $? != 0 ]] ; then\n    cat << EOM\nerror: The sandbox is not in sync with the Podfile.lock. Run 'pod install' or update your CocoaPods installation.\nEOM\n    exit 1\nfi\n";
			showEnvVarsInLog = 0;
		};
/* End PBXShellScriptBuildPhase section */

/* Begin PBXSourcesBuildPhase section */
		16198EB51CC507990078919A /* Sources */ = {
			isa = PBXSourcesBuildPhase;
			buildActionMask = 2147483647;
			files = (
				187468821D36376000BB22AB /* DataMap.swift in Sources */,
				16198EEB1CC50A010078919A /* NewViewController.swift in Sources */,
				18E9125D1CE5C7DC00360D54 /* CounterViewController.swift in Sources */,
				16AF032E1CE889CC00452DD1 /* Dispatcher.swift in Sources */,
				1822021F1CDC9E7F000EB50B /* MLImageCache.swift in Sources */,
				182A0ADE1CC9F35700A49759 /* NetWork.swift in Sources */,
				18FD05A71CE1B5AB0041837E /* SecondViewController.swift in Sources */,
				169EA3AE1CE89BE400239F15 /* CarouselView.swift in Sources */,
				16198EBF1CC507990078919A /* ViewController.swift in Sources */,
				18DC9A081CD068FC000D4C6B /* MLImageDowloadManager.swift in Sources */,
				16198EBD1CC507990078919A /* AppDelegate.swift in Sources */,
				18E9125F1CE5CA1400360D54 /* Actions.swift in Sources */,
				18FD05A91CE1D9920041837E /* String+MD5.swift in Sources */,
				18DC9A061CD0685D000D4C6B /* ImageView+MLImageDowload.swift in Sources */,
				18092AD41CC625EC00E74EBD /* SpringViewController.swift in Sources */,
				16CF416E1CF0091E005E33D0 /* HomeViewController.swift in Sources */,
				1841E6FF1D2F82F500552CD4 /* InfiniteScrollView.swift in Sources */,
				18F474E41D2FA0BA00D994B4 /* ViewTapBlockProtocol.swift in Sources */,
				16AF032D1CE889CC00452DD1 /* AppDispatcher.swift in Sources */,
				181477A91CCDBFDA00481D54 /* TopicsModel.swift in Sources */,
				18FC68A21CCA2619005C512D /* JsonModel.swift in Sources */,
				184008E01D3612DF00272DB1 /* DataConversion.swift in Sources */,
				184428EA1CD1A13A005F6DE1 /* Image.swift in Sources */,
				16CBE3891CC5135C00A3699F /* Pop.swift in Sources */,
				18FC68A41CCA2AEB005C512D /* UserModel.swift in Sources */,
				18092AD61CC757CD00E74EBD /* NavigatorHiddenTableViewController.swift in Sources */,
				16AF03301CE88C3F00452DD1 /* Stores.swift in Sources */,
				18F474E61D2FB2C600D994B4 /* File.swift in Sources */,
				18DC9A0A1CD0917E000D4C6B /* MLImageDowloader.swift in Sources */,
				16C503AC1CCB63C900D074ED /* StoreModel.swift in Sources */,
				18DC9A031CCF4E6B000D4C6B /* NavigatorHiddenTableViewCell.swift in Sources */,
				16BFD6871CD257AF00EB70F5 /* AuthorModel.swift in Sources */,
			);
			runOnlyForDeploymentPostprocessing = 0;
		};
		16198EC91CC507990078919A /* Sources */ = {
			isa = PBXSourcesBuildPhase;
			buildActionMask = 2147483647;
			files = (
				16198ED21CC507990078919A /* demoTests.swift in Sources */,
			);
			runOnlyForDeploymentPostprocessing = 0;
		};
		16198ED41CC507990078919A /* Sources */ = {
			isa = PBXSourcesBuildPhase;
			buildActionMask = 2147483647;
			files = (
				16198EDD1CC507990078919A /* demoUITests.swift in Sources */,
			);
			runOnlyForDeploymentPostprocessing = 0;
		};
/* End PBXSourcesBuildPhase section */

/* Begin PBXTargetDependency section */
		16198ECF1CC507990078919A /* PBXTargetDependency */ = {
			isa = PBXTargetDependency;
			target = 16198EB81CC507990078919A /* demo */;
			targetProxy = 16198ECE1CC507990078919A /* PBXContainerItemProxy */;
		};
		16198EDA1CC507990078919A /* PBXTargetDependency */ = {
			isa = PBXTargetDependency;
			target = 16198EB81CC507990078919A /* demo */;
			targetProxy = 16198ED91CC507990078919A /* PBXContainerItemProxy */;
		};
/* End PBXTargetDependency section */

/* Begin PBXVariantGroup section */
		16198EC01CC507990078919A /* Main.storyboard */ = {
			isa = PBXVariantGroup;
			children = (
				16198EC11CC507990078919A /* Base */,
			);
			name = Main.storyboard;
			sourceTree = "<group>";
		};
		16198EC51CC507990078919A /* LaunchScreen.storyboard */ = {
			isa = PBXVariantGroup;
			children = (
				16198EC61CC507990078919A /* Base */,
			);
			name = LaunchScreen.storyboard;
			sourceTree = "<group>";
		};
/* End PBXVariantGroup section */

/* Begin XCBuildConfiguration section */
		16198EDF1CC507990078919A /* Debug */ = {
			isa = XCBuildConfiguration;
			buildSettings = {
				ALWAYS_SEARCH_USER_PATHS = NO;
				CLANG_ANALYZER_NONNULL = YES;
				CLANG_CXX_LANGUAGE_STANDARD = "gnu++0x";
				CLANG_CXX_LIBRARY = "libc++";
				CLANG_ENABLE_MODULES = YES;
				CLANG_ENABLE_OBJC_ARC = YES;
				CLANG_WARN_BOOL_CONVERSION = YES;
				CLANG_WARN_CONSTANT_CONVERSION = YES;
				CLANG_WARN_DIRECT_OBJC_ISA_USAGE = YES_ERROR;
				CLANG_WARN_EMPTY_BODY = YES;
				CLANG_WARN_ENUM_CONVERSION = YES;
				CLANG_WARN_INT_CONVERSION = YES;
				CLANG_WARN_OBJC_ROOT_CLASS = YES_ERROR;
				CLANG_WARN_UNREACHABLE_CODE = YES;
				CLANG_WARN__DUPLICATE_METHOD_MATCH = YES;
				"CODE_SIGN_IDENTITY[sdk=iphoneos*]" = "iPhone Developer";
				COPY_PHASE_STRIP = NO;
				DEBUG_INFORMATION_FORMAT = dwarf;
				ENABLE_STRICT_OBJC_MSGSEND = YES;
				ENABLE_TESTABILITY = YES;
				GCC_C_LANGUAGE_STANDARD = gnu99;
				GCC_DYNAMIC_NO_PIC = NO;
				GCC_NO_COMMON_BLOCKS = YES;
				GCC_OPTIMIZATION_LEVEL = 0;
				GCC_PREPROCESSOR_DEFINITIONS = (
					"DEBUG=1",
					"$(inherited)",
				);
				GCC_WARN_64_TO_32_BIT_CONVERSION = YES;
				GCC_WARN_ABOUT_RETURN_TYPE = YES_ERROR;
				GCC_WARN_UNDECLARED_SELECTOR = YES;
				GCC_WARN_UNINITIALIZED_AUTOS = YES_AGGRESSIVE;
				GCC_WARN_UNUSED_FUNCTION = YES;
				GCC_WARN_UNUSED_VARIABLE = YES;
				IPHONEOS_DEPLOYMENT_TARGET = 9.3;
				MTL_ENABLE_DEBUG_INFO = YES;
				ONLY_ACTIVE_ARCH = YES;
				SDKROOT = iphoneos;
				SWIFT_OPTIMIZATION_LEVEL = "-Onone";
				TARGETED_DEVICE_FAMILY = "1,2";
			};
			name = Debug;
		};
		16198EE01CC507990078919A /* Release */ = {
			isa = XCBuildConfiguration;
			buildSettings = {
				ALWAYS_SEARCH_USER_PATHS = NO;
				CLANG_ANALYZER_NONNULL = YES;
				CLANG_CXX_LANGUAGE_STANDARD = "gnu++0x";
				CLANG_CXX_LIBRARY = "libc++";
				CLANG_ENABLE_MODULES = YES;
				CLANG_ENABLE_OBJC_ARC = YES;
				CLANG_WARN_BOOL_CONVERSION = YES;
				CLANG_WARN_CONSTANT_CONVERSION = YES;
				CLANG_WARN_DIRECT_OBJC_ISA_USAGE = YES_ERROR;
				CLANG_WARN_EMPTY_BODY = YES;
				CLANG_WARN_ENUM_CONVERSION = YES;
				CLANG_WARN_INT_CONVERSION = YES;
				CLANG_WARN_OBJC_ROOT_CLASS = YES_ERROR;
				CLANG_WARN_UNREACHABLE_CODE = YES;
				CLANG_WARN__DUPLICATE_METHOD_MATCH = YES;
				"CODE_SIGN_IDENTITY[sdk=iphoneos*]" = "iPhone Developer";
				COPY_PHASE_STRIP = NO;
				DEBUG_INFORMATION_FORMAT = "dwarf-with-dsym";
				ENABLE_NS_ASSERTIONS = NO;
				ENABLE_STRICT_OBJC_MSGSEND = YES;
				GCC_C_LANGUAGE_STANDARD = gnu99;
				GCC_NO_COMMON_BLOCKS = YES;
				GCC_WARN_64_TO_32_BIT_CONVERSION = YES;
				GCC_WARN_ABOUT_RETURN_TYPE = YES_ERROR;
				GCC_WARN_UNDECLARED_SELECTOR = YES;
				GCC_WARN_UNINITIALIZED_AUTOS = YES_AGGRESSIVE;
				GCC_WARN_UNUSED_FUNCTION = YES;
				GCC_WARN_UNUSED_VARIABLE = YES;
				IPHONEOS_DEPLOYMENT_TARGET = 9.3;
				MTL_ENABLE_DEBUG_INFO = NO;
				SDKROOT = iphoneos;
				TARGETED_DEVICE_FAMILY = "1,2";
				VALIDATE_PRODUCT = YES;
			};
			name = Release;
		};
		16198EE21CC507990078919A /* Debug */ = {
			isa = XCBuildConfiguration;
			baseConfigurationReference = 35E00ABFC908108D0E42B158 /* Pods-demo.debug.xcconfig */;
			buildSettings = {
				ASSETCATALOG_COMPILER_APPICON_NAME = AppIcon;
				CODE_SIGN_IDENTITY = "iPhone Developer";
				"CODE_SIGN_IDENTITY[sdk=iphoneos*]" = "iPhone Developer";
				INFOPLIST_FILE = demo/Info.plist;
				IPHONEOS_DEPLOYMENT_TARGET = 9.0;
				LD_RUNPATH_SEARCH_PATHS = "$(inherited) @executable_path/Frameworks";
				PRODUCT_BUNDLE_IDENTIFIER = wang.demos;
				PRODUCT_NAME = "$(TARGET_NAME)";
				PROVISIONING_PROFILE = "";
			};
			name = Debug;
		};
		16198EE31CC507990078919A /* Release */ = {
			isa = XCBuildConfiguration;
			baseConfigurationReference = 1489CFE5737C62C5AB7924B6 /* Pods-demo.release.xcconfig */;
			buildSettings = {
				ASSETCATALOG_COMPILER_APPICON_NAME = AppIcon;
				CODE_SIGN_IDENTITY = "iPhone Developer";
				"CODE_SIGN_IDENTITY[sdk=iphoneos*]" = "iPhone Developer";
				INFOPLIST_FILE = demo/Info.plist;
				IPHONEOS_DEPLOYMENT_TARGET = 9.0;
				LD_RUNPATH_SEARCH_PATHS = "$(inherited) @executable_path/Frameworks";
				PRODUCT_BUNDLE_IDENTIFIER = wang.demos;
				PRODUCT_NAME = "$(TARGET_NAME)";
				PROVISIONING_PROFILE = "";
			};
			name = Release;
		};
		16198EE51CC507990078919A /* Debug */ = {
			isa = XCBuildConfiguration;
			buildSettings = {
				BUNDLE_LOADER = "$(TEST_HOST)";
				INFOPLIST_FILE = demoTests/Info.plist;
				LD_RUNPATH_SEARCH_PATHS = "$(inherited) @executable_path/Frameworks @loader_path/Frameworks";
				PRODUCT_BUNDLE_IDENTIFIER = wang.demoTests;
				PRODUCT_NAME = "$(TARGET_NAME)";
				TEST_HOST = "$(BUILT_PRODUCTS_DIR)/demo.app/demo";
			};
			name = Debug;
		};
		16198EE61CC507990078919A /* Release */ = {
			isa = XCBuildConfiguration;
			buildSettings = {
				BUNDLE_LOADER = "$(TEST_HOST)";
				INFOPLIST_FILE = demoTests/Info.plist;
				LD_RUNPATH_SEARCH_PATHS = "$(inherited) @executable_path/Frameworks @loader_path/Frameworks";
				PRODUCT_BUNDLE_IDENTIFIER = wang.demoTests;
				PRODUCT_NAME = "$(TARGET_NAME)";
				TEST_HOST = "$(BUILT_PRODUCTS_DIR)/demo.app/demo";
			};
			name = Release;
		};
		16198EE81CC507990078919A /* Debug */ = {
			isa = XCBuildConfiguration;
			buildSettings = {
				INFOPLIST_FILE = demoUITests/Info.plist;
				LD_RUNPATH_SEARCH_PATHS = "$(inherited) @executable_path/Frameworks @loader_path/Frameworks";
				PRODUCT_BUNDLE_IDENTIFIER = wang.demoUITests;
				PRODUCT_NAME = "$(TARGET_NAME)";
				TEST_TARGET_NAME = demo;
			};
			name = Debug;
		};
		16198EE91CC507990078919A /* Release */ = {
			isa = XCBuildConfiguration;
			buildSettings = {
				INFOPLIST_FILE = demoUITests/Info.plist;
				LD_RUNPATH_SEARCH_PATHS = "$(inherited) @executable_path/Frameworks @loader_path/Frameworks";
				PRODUCT_BUNDLE_IDENTIFIER = wang.demoUITests;
				PRODUCT_NAME = "$(TARGET_NAME)";
				TEST_TARGET_NAME = demo;
			};
			name = Release;
		};
/* End XCBuildConfiguration section */

/* Begin XCConfigurationList section */
		16198EB41CC507990078919A /* Build configuration list for PBXProject "demo" */ = {
			isa = XCConfigurationList;
			buildConfigurations = (
				16198EDF1CC507990078919A /* Debug */,
				16198EE01CC507990078919A /* Release */,
			);
			defaultConfigurationIsVisible = 0;
			defaultConfigurationName = Release;
		};
		16198EE11CC507990078919A /* Build configuration list for PBXNativeTarget "demo" */ = {
			isa = XCConfigurationList;
			buildConfigurations = (
				16198EE21CC507990078919A /* Debug */,
				16198EE31CC507990078919A /* Release */,
			);
			defaultConfigurationIsVisible = 0;
			defaultConfigurationName = Release;
		};
		16198EE41CC507990078919A /* Build configuration list for PBXNativeTarget "demoTests" */ = {
			isa = XCConfigurationList;
			buildConfigurations = (
				16198EE51CC507990078919A /* Debug */,
				16198EE61CC507990078919A /* Release */,
			);
			defaultConfigurationIsVisible = 0;
			defaultConfigurationName = Release;
		};
		16198EE71CC507990078919A /* Build configuration list for PBXNativeTarget "demoUITests" */ = {
			isa = XCConfigurationList;
			buildConfigurations = (
				16198EE81CC507990078919A /* Debug */,
				16198EE91CC507990078919A /* Release */,
			);
			defaultConfigurationIsVisible = 0;
			defaultConfigurationName = Release;
		};
/* End XCConfigurationList section */
	};
	rootObject = 16198EB11CC507990078919A /* Project object */;
}
